# THIS IS AN AUTOGENERATED FILE. DO NOT EDIT THIS FILE DIRECTLY.
# yarn lockfile v1


"@babel/runtime@^7.1.2", "@babel/runtime@^7.10.1", "@babel/runtime@^7.11.1", "@babel/runtime@^7.11.2", "@babel/runtime@^7.17.2", "@babel/runtime@^7.18.3", "@babel/runtime@^7.5.5", "@babel/runtime@^7.6.2", "@babel/runtime@^7.6.3", "@babel/runtime@^7.8.7":
  version "7.19.0"
  resolved "https://registry.npmjs.org/@babel/runtime/-/runtime-7.19.0.tgz"
  integrity sha512-eR8Lo9hnDS7tqkO7NsV+mKvCmv5boaXFSZ70DnfhcgiEne8hv9oCEd36Klw74EtizEqLsy4YnW8UWwpBVolHZA==
  dependencies:
    regenerator-runtime "^0.13.4"

"@next/env@12.3.1":
  version "12.3.1"
  resolved "https://registry.npmjs.org/@next/env/-/env-12.3.1.tgz"
  integrity sha512-9P9THmRFVKGKt9DYqeC2aKIxm8rlvkK38V1P1sRE7qyoPBIs8l9oo79QoSdPtOWfzkbDAVUqvbQGgTMsb8BtJg==

"@next/swc-darwin-arm64@12.3.1":
  version "12.3.1"
  resolved "https://registry.npmjs.org/@next/swc-darwin-arm64/-/swc-darwin-arm64-12.3.1.tgz"
  integrity sha512-hT/EBGNcu0ITiuWDYU9ur57Oa4LybD5DOQp4f22T6zLfpoBMfBibPtR8XktXmOyFHrL/6FC2p9ojdLZhWhvBHg==

"@popperjs/core@^2.11.5", "@popperjs/core@^2.11.6":
  version "2.11.6"
  resolved "https://registry.npmjs.org/@popperjs/core/-/core-2.11.6.tgz"
  integrity sha512-50/17A98tWUfQ176raKiOGXuYpLyyVMkxxG6oylzL3BPOlA6ADGdK7EYunSa4I064xerltq9TGXs8HmOk5E+vw==

"@react-aria/ssr@^3.2.0":
  version "3.3.0"
  resolved "https://registry.npmjs.org/@react-aria/ssr/-/ssr-3.3.0.tgz"
  integrity sha512-yNqUDuOVZIUGP81R87BJVi/ZUZp/nYOBXbPsRe7oltJOfErQZD+UezMpw4vM2KRz18cURffvmC8tJ6JTeyDtaQ==
  dependencies:
    "@babel/runtime" "^7.6.2"

"@restart/hooks@^0.4.6", "@restart/hooks@^0.4.7":
  version "0.4.7"
  resolved "https://registry.npmjs.org/@restart/hooks/-/hooks-0.4.7.tgz"
  integrity sha512-ZbjlEHcG+FQtpDPHd7i4FzNNvJf2enAwZfJbpM8CW7BhmOAbsHpZe3tsHwfQUrBuyrxWqPYp2x5UMnilWcY22A==
  dependencies:
    dequal "^2.0.2"

"@restart/ui@^1.3.1":
  version "1.4.0"
  resolved "https://registry.npmjs.org/@restart/ui/-/ui-1.4.0.tgz"
  integrity sha512-5dDj5uDzUgK1iijWPRg6AnxjkHM04XhTQDJirM1h/8tIc7KyLtF9YyjcCpNEn259hPMXswpkfXKNgiag0skPFg==
  dependencies:
    "@babel/runtime" "^7.18.3"
    "@popperjs/core" "^2.11.5"
    "@react-aria/ssr" "^3.2.0"
    "@restart/hooks" "^0.4.7"
    "@types/warning" "^3.0.0"
    dequal "^2.0.2"
    dom-helpers "^5.2.0"
    uncontrollable "^7.2.1"
    warning "^4.0.3"

"@swc/helpers@0.4.11":
  version "0.4.11"
  resolved "https://registry.npmjs.org/@swc/helpers/-/helpers-0.4.11.tgz"
  integrity sha512-rEUrBSGIoSFuYxwBYtlUFMlE2CwGhmW+w9355/5oduSw8e5h2+Tj4UrAGNNgP9915++wj5vkQo0UuOBqOAq4nw==
  dependencies:
    tslib "^2.4.0"

"@types/cookie@^0.3.3":
  version "0.3.3"
  resolved "https://registry.npmjs.org/@types/cookie/-/cookie-0.3.3.tgz"
  integrity sha512-LKVP3cgXBT9RYj+t+9FDKwS5tdI+rPBXaNSkma7hvqy35lc7mAokC2zsqWJH0LaqIt3B962nuYI77hsJoT1gow==

"@types/d3-color@^2":
  version "2.0.3"
  resolved "https://registry.npmjs.org/@types/d3-color/-/d3-color-2.0.3.tgz"
  integrity sha512-+0EtEjBfKEDtH9Rk3u3kLOUXM5F+iZK+WvASPb0MhIZl8J8NUvGeZRwKCXl+P3HkYx5TdU4YtcibpqHkSR9n7w==

"@types/d3-interpolate@^2.0.0":
  version "2.0.2"
  resolved "https://registry.npmjs.org/@types/d3-interpolate/-/d3-interpolate-2.0.2.tgz"
  integrity sha512-lElyqlUfIPyWG/cD475vl6msPL4aMU7eJvx1//Q177L8mdXoVPFl1djIESF2FKnc0NyaHvQlJpWwKJYwAhUoCw==
  dependencies:
    "@types/d3-color" "^2"

"@types/d3-path@^2":
  version "2.0.2"
  resolved "https://registry.npmjs.org/@types/d3-path/-/d3-path-2.0.2.tgz"
  integrity sha512-3YHpvDw9LzONaJzejXLOwZ3LqwwkoXb9LI2YN7Hbd6pkGo5nIlJ09ul4bQhBN4hQZJKmUpX8HkVqbzgUKY48cg==

"@types/d3-scale@^3.0.0":
  version "3.3.2"
  resolved "https://registry.npmjs.org/@types/d3-scale/-/d3-scale-3.3.2.tgz"
  integrity sha512-gGqr7x1ost9px3FvIfUMi5XA/F/yAf4UkUDtdQhpH92XCT0Oa7zkkRzY61gPVJq+DxpHn/btouw5ohWkbBsCzQ==
  dependencies:
    "@types/d3-time" "^2"

"@types/d3-shape@^2.0.0":
  version "2.1.3"
  resolved "https://registry.npmjs.org/@types/d3-shape/-/d3-shape-2.1.3.tgz"
  integrity sha512-HAhCel3wP93kh4/rq+7atLdybcESZ5bRHDEZUojClyZWsRuEMo3A52NGYJSh48SxfxEU6RZIVbZL2YFZ2OAlzQ==
  dependencies:
    "@types/d3-path" "^2"

"@types/d3-time@^2":
  version "2.1.1"
  resolved "https://registry.npmjs.org/@types/d3-time/-/d3-time-2.1.1.tgz"
  integrity sha512-9MVYlmIgmRR31C5b4FVSWtuMmBHh2mOWQYfl7XAYOa8dsnb7iEmUmRSWSFgXFtkjxO65d7hTUHQC+RhR/9IWFg==

"@types/hoist-non-react-statics@^3.0.1":
  version "3.3.1"
  resolved "https://registry.npmjs.org/@types/hoist-non-react-statics/-/hoist-non-react-statics-3.3.1.tgz"
  integrity sha512-iMIqiko6ooLrTh1joXodJK5X9xeEALT1kM5G3ZLhD3hszxBdIEd5C75U834D9mLcINgD4OyZf5uQXjkuYydWvA==
  dependencies:
    "@types/react" "*"
    hoist-non-react-statics "^3.3.0"

"@types/lodash@^4.14.186":
  version "4.14.186"
  resolved "https://registry.npmjs.org/@types/lodash/-/lodash-4.14.186.tgz"
  integrity sha512-eHcVlLXP0c2FlMPm56ITode2AgLMSa6aJ05JTTbYbI+7EMkCEE5qk2E41d5g2lCVTqRe0GnnRFurmlCsDODrPw==

"@types/node@^14.18.31":
  version "14.18.31"
  resolved "https://registry.npmjs.org/@types/node/-/node-14.18.31.tgz"
  integrity sha512-vQAnaReSQkEDa8uwAyQby8bYGKu84R/deEc6mg5T8fX6gzCn8QW6rziSgsti1fNvsrswKUKPnVTi7uoB+u62Mw==

"@types/prop-types@*":
  version "15.7.5"
  resolved "https://registry.npmjs.org/@types/prop-types/-/prop-types-15.7.5.tgz"
  integrity sha512-JCB8C6SnDoQf0cNycqd/35A7MjcnK+ZTqE7judS6o7utxUCg6imJg3QK2qzHKszlTjcj2cn+NwMB2i96ubpj7w==

"@types/react-transition-group@^4.4.4":
  version "4.4.5"
  resolved "https://registry.npmjs.org/@types/react-transition-group/-/react-transition-group-4.4.5.tgz"
  integrity sha512-juKD/eiSM3/xZYzjuzH6ZwpP+/lejltmiS3QEzV/vmb/Q8+HfDmxu+Baga8UEMGBqV88Nbg4l2hY/K2DkyaLLA==
  dependencies:
    "@types/react" "*"

"@types/react@*", "@types/react@^17.0.50", "@types/react@>=16.14.8", "@types/react@>=16.9.11":
  version "17.0.50"
  resolved "https://registry.npmjs.org/@types/react/-/react-17.0.50.tgz"
  integrity sha512-ZCBHzpDb5skMnc1zFXAXnL3l1FAdi+xZvwxK+PkglMmBrwjpp9nKaWuEvrGnSifCJmBFGxZOOFuwC6KH/s0NuA==
  dependencies:
    "@types/prop-types" "*"
    "@types/scheduler" "*"
    csstype "^3.0.2"

"@types/resize-observer-browser@^0.1.6":
  version "0.1.7"
  resolved "https://registry.npmjs.org/@types/resize-observer-browser/-/resize-observer-browser-0.1.7.tgz"
  integrity sha512-G9eN0Sn0ii9PWQ3Vl72jDPgeJwRWhv2Qk/nQkJuWmRmOB4HX3/BhD5SE1dZs/hzPZL/WKnvF0RHdTSG54QJFyg==

"@types/retry@0.12.1":
  version "0.12.1"
  resolved "https://registry.npmjs.org/@types/retry/-/retry-0.12.1.tgz"
  integrity sha512-xoDlM2S4ortawSWORYqsdU+2rxdh4LRW9ytc3zmT37RIKQh6IHyKwwtKhKis9ah8ol07DCkZxPt8BBvPjC6v4g==

"@types/scheduler@*":
  version "0.16.2"
  resolved "https://registry.npmjs.org/@types/scheduler/-/scheduler-0.16.2.tgz"
  integrity sha512-hppQEBDmlwhFAXKJX2KnWLYu5yMfi91yazPb2l+lbJiwW+wdo1gNeRA+3RgNSO39WYX2euey41KEwnqesU2Jew==

"@types/warning@^3.0.0":
  version "3.0.0"
  resolved "https://registry.npmjs.org/@types/warning/-/warning-3.0.0.tgz"
  integrity sha512-t/Tvs5qR47OLOr+4E9ckN8AmP2Tf16gWq+/qA4iUGS/OOyHVO8wv2vjJuX8SNOUTJyWb+2t7wJm6cXILFnOROA==

anymatch@~3.1.1:
  version "3.1.2"
  resolved "https://registry.npmjs.org/anymatch/-/anymatch-3.1.2.tgz"
  integrity sha512-P43ePfOAIupkguHUycrc4qJ9kz8ZiuOUijaETwX7THt0Y/GNK7v0aa8rY816xWjZ7rJdA5XdMcpVFTKMq+RvWg==
  dependencies:
    normalize-path "^3.0.0"
    picomatch "^2.0.4"

binary-extensions@^2.0.0:
  version "2.2.0"
  resolved "https://registry.npmjs.org/binary-extensions/-/binary-extensions-2.2.0.tgz"
  integrity sha512-jDctJ/IVQbZoJykoeHbhXpOlNBqGNcwXJKJog42E5HDPUwQTSdjCHdihjj0DlnheQ7blbT6dHOafNAiS8ooQKA==

bootstrap-daterangepicker@*, bootstrap-daterangepicker@^3.1.0:
  version "3.1.0"
  resolved "https://registry.npmjs.org/bootstrap-daterangepicker/-/bootstrap-daterangepicker-3.1.0.tgz"
  integrity sha512-oaQZx6ZBDo/dZNyXGVi2rx5GmFXThyQLAxdtIqjtLlYVaQUfQALl5JZMJJZzyDIX7blfy4ppZPAJ10g8Ma4d/g==
  dependencies:
    jquery ">=1.10"
    moment "^2.9.0"

bootstrap@^5.2.2:
  version "5.2.2"
  resolved "https://registry.npmjs.org/bootstrap/-/bootstrap-5.2.2.tgz"
  integrity sha512-dEtzMTV71n6Fhmbg4fYJzQsw1N29hJKO1js5ackCgIpDcGid2ETMGC6zwSYw09v05Y+oRdQ9loC54zB1La3hHQ==

braces@~3.0.2:
  version "3.0.2"
  resolved "https://registry.npmjs.org/braces/-/braces-3.0.2.tgz"
  integrity sha512-b8um+L1RzM3WDSzvhm6gIz1yfTbBt6YTlcEKAvsmqCZZFw46z626lVj9j1yEPW33H5H+lBQpZMP1k8l+78Ha0A==
  dependencies:
    fill-range "^7.0.1"

caniuse-lite@^1.0.30001406:
  version "1.0.30001412"
  resolved "https://registry.npmjs.org/caniuse-lite/-/caniuse-lite-1.0.30001412.tgz"
  integrity sha512-+TeEIee1gS5bYOiuf+PS/kp2mrXic37Hl66VY6EAfxasIk5fELTktK2oOezYed12H8w7jt3s512PpulQidPjwA==

censor-sensor@^1.0.6:
  version "1.0.6"
  resolved "https://registry.npmjs.org/censor-sensor/-/censor-sensor-1.0.6.tgz"
  integrity sha512-+2p0pCVWIkcp9JWVmDgnfQlzpDQsefXIra8KSqVSNrnEkSOcYT/tkDu/umDmTZ39c1JH9+ItijasUJIkRlb8dQ==

"chokidar@>=3.0.0 <4.0.0":
  version "3.5.1"
  resolved "https://registry.npmjs.org/chokidar/-/chokidar-3.5.1.tgz"
  integrity sha512-9+s+Od+W0VJJzawDma/gvBNQqkTiqYTWLuZoyAsivsI4AaWTCzHG06/TMjsf1cYe9Cb97UCEhjz7HvnPk2p/tw==
  dependencies:
    anymatch "~3.1.1"
    braces "~3.0.2"
    glob-parent "~5.1.0"
    is-binary-path "~2.1.0"
    is-glob "~4.0.1"
    normalize-path "~3.0.0"
    readdirp "~3.5.0"
  optionalDependencies:
    fsevents "~2.3.1"

classnames@^2.2.1, classnames@^2.2.5, classnames@^2.2.6, classnames@2.x:
  version "2.2.6"
  resolved "https://registry.npmjs.org/classnames/-/classnames-2.2.6.tgz"
  integrity sha512-JR/iSQOSt+LQIWwrwEzJ9uk0xfN3mTVYMwt1Ir5mUcSN6pU+V4zQFFaJsclJbPuAUQH+yfWef6tm7l1quW3C8Q==

classnames@^2.3.1:
  version "2.3.2"
  resolved "https://registry.npmjs.org/classnames/-/classnames-2.3.2.tgz"
  integrity sha512-CSbhY4cFEJRe6/GQzIk5qXZ4Jeg5pcsP7b5peFSDpffpe1cqjASH/n9UTjBwOp6XpMSTwQ8Za2K5V02ueA7Tmw==

column-resizer@^1.3.6:
  version "1.3.6"
  resolved "https://registry.npmjs.org/column-resizer/-/column-resizer-1.3.6.tgz"
  integrity sha512-uDiTG0bin14mapxreyQXUenKZ578xAm89x4WbRZmlQeHEJM+qxnhdzsy1skM9FyQECX1Xky/XyhnonwjHCnD7A==
  dependencies:
    string-hash "~1.1.3"

cookie@^0.4.0:
  version "0.4.2"
  resolved "https://registry.npmjs.org/cookie/-/cookie-0.4.2.tgz"
  integrity sha512-aSWTXFzaKWkvHO1Ny/s+ePFpvKsPnjc551iI41v3ny/ow6tBG5Vd+FuqGNhh1LxOmVzOlGUriIlOaokOvhaStA==

css-unit-converter@^1.1.1:
  version "1.1.2"
  resolved "https://registry.npmjs.org/css-unit-converter/-/css-unit-converter-1.1.2.tgz"
  integrity sha512-IiJwMC8rdZE0+xiEZHeru6YoONC4rfPMqGm2W85jMIbkFvv5nFTwJVFHam2eFrN6txmoUYFAFXiv8ICVeTO0MA==

csstype@^3.0.2:
  version "3.1.1"
  resolved "https://registry.npmjs.org/csstype/-/csstype-3.1.1.tgz"
  integrity sha512-DJR/VvkAvSZW9bTouZue2sSxDwdTN92uHjqeKVm+0dAqdfNykRzQ95tay8aXMBAAPpUiq4Qcug2L7neoRh2Egw==

d3-array@^2.3.0, d3-array@2:
  version "2.12.1"
  resolved "https://registry.npmjs.org/d3-array/-/d3-array-2.12.1.tgz"
  integrity sha512-B0ErZK/66mHtEsR1TkPEEkwdy+WDesimkM5gpZr5Dsg54BiTA5RXtYW5qTLIAcekaS9xfZrzBLF/OAkB3Qn1YQ==
  dependencies:
    internmap "^1.0.0"

"d3-color@1 - 2":
  version "2.0.0"
  resolved "https://registry.npmjs.org/d3-color/-/d3-color-2.0.0.tgz"
  integrity sha512-SPXi0TSKPD4g9tw0NMZFnR95XVgUZiBH+uUTqQuDu1OsE2zomHU7ho0FISciaPvosimixwHFl3WHLGabv6dDgQ==

"d3-format@1 - 2":
  version "2.0.0"
  resolved "https://registry.npmjs.org/d3-format/-/d3-format-2.0.0.tgz"
  integrity sha512-Ab3S6XuE/Q+flY96HXT0jOXcM4EAClYFnRGY5zsjRGNy6qCYrQsMffs7cV5Q9xejb35zxW5hf/guKw34kvIKsA==

d3-interpolate@^2.0.0, "d3-interpolate@1.2.0 - 2":
  version "2.0.1"
  resolved "https://registry.npmjs.org/d3-interpolate/-/d3-interpolate-2.0.1.tgz"
  integrity sha512-c5UhwwTs/yybcmTpAVqwSFl6vrQ8JZJoT5F7xNFK9pymv5C0Ymcc9/LIJHtYIggg/yS9YHw8i8O8tgb9pupjeQ==
  dependencies:
    d3-color "1 - 2"

"d3-path@1 - 2":
  version "2.0.0"
  resolved "https://registry.npmjs.org/d3-path/-/d3-path-2.0.0.tgz"
  integrity sha512-ZwZQxKhBnv9yHaiWd6ZU4x5BtCQ7pXszEV9CU6kRgwIQVQGLMv1oiL4M+MK/n79sYzsj+gcgpPQSctJUsLN7fA==

d3-scale@^3.0.0:
  version "3.3.0"
  resolved "https://registry.npmjs.org/d3-scale/-/d3-scale-3.3.0.tgz"
  integrity sha512-1JGp44NQCt5d1g+Yy+GeOnZP7xHo0ii8zsQp6PGzd+C1/dl0KGsp9A7Mxwp+1D1o4unbTTxVdU/ZOIEBoeZPbQ==
  dependencies:
    d3-array "^2.3.0"
    d3-format "1 - 2"
    d3-interpolate "1.2.0 - 2"
    d3-time "^2.1.1"
    d3-time-format "2 - 3"

d3-shape@^2.0.0:
  version "2.1.0"
  resolved "https://registry.npmjs.org/d3-shape/-/d3-shape-2.1.0.tgz"
  integrity sha512-PnjUqfM2PpskbSLTJvAzp2Wv4CZsnAgTfcVRTwW03QR3MkXF8Uo7B1y/lWkAsmbKwuecto++4NlsYcvYpXpTHA==
  dependencies:
    d3-path "1 - 2"

"d3-time-format@2 - 3":
  version "3.0.0"
  resolved "https://registry.npmjs.org/d3-time-format/-/d3-time-format-3.0.0.tgz"
  integrity sha512-UXJh6EKsHBTjopVqZBhFysQcoXSv/5yLONZvkQ5Kk3qbwiUYkdX17Xa1PT6U1ZWXGGfB1ey5L8dKMlFq2DO0Ag==
  dependencies:
    d3-time "1 - 2"

d3-time@^2.1.1, "d3-time@1 - 2":
  version "2.1.1"
  resolved "https://registry.npmjs.org/d3-time/-/d3-time-2.1.1.tgz"
  integrity sha512-/eIQe/eR4kCQwq7yxi7z4c6qEXf2IYGcjoWB5OOQy4Tq9Uv39/947qlDcN2TLkiTzQWzvnsuYPB9TrWaNfipKQ==
  dependencies:
    d3-array "2"

dateformat@^4.6.3:
  version "4.6.3"
  resolved "https://registry.npmjs.org/dateformat/-/dateformat-4.6.3.tgz"
  integrity sha512-2P0p0pFGzHS5EMnhdxQi7aJN+iMheud0UhG4dlE1DLAlvL8JHjJJTX/CSm4JXwV0Ka5nGk3zC5mcb5bUQUxxMA==

decimal.js-light@^2.4.1:
  version "2.5.1"
  resolved "https://registry.npmjs.org/decimal.js-light/-/decimal.js-light-2.5.1.tgz"
  integrity sha512-qIMFpTMZmny+MMIitAB6D7iVPEorVw6YQRWkvarTkT4tBeSLLiHzcwj6q0MmYSFCiVpiqPJTJEYIrpcPzVEIvg==

dequal@^2.0.2:
  version "2.0.3"
  resolved "https://registry.npmjs.org/dequal/-/dequal-2.0.3.tgz"
  integrity sha512-0je+qPKHEMohvfRTCEo3CrPG6cAzAYgmzKyxRiYSSDkS6eGJdyVJm7WaYA5ECaAD9wLB2T4EEeymA5aFVcYXCA==

dom-align@^1.7.0:
  version "1.12.3"
  resolved "https://registry.npmjs.org/dom-align/-/dom-align-1.12.3.tgz"
  integrity sha512-Gj9hZN3a07cbR6zviMUBOMPdWxYhbMI+x+WS0NAIu2zFZmbK8ys9R79g+iG9qLnlCwpFoaB+fKy8Pdv470GsPA==

dom-helpers@^3.4.0:
  version "3.4.0"
  resolved "https://registry.npmjs.org/dom-helpers/-/dom-helpers-3.4.0.tgz"
  integrity sha512-LnuPJ+dwqKDIyotW1VzmOZ5TONUN7CwkCR5hrgawTUbkBGYdeoNLZo6nNfGkCrjtE1nXXaj7iMMpDa8/d9WoIA==
  dependencies:
    "@babel/runtime" "^7.1.2"

dom-helpers@^5.0.1, dom-helpers@^5.2.0, dom-helpers@^5.2.1:
  version "5.2.1"
  resolved "https://registry.npmjs.org/dom-helpers/-/dom-helpers-5.2.1.tgz"
  integrity sha512-nRCa7CK3VTrM2NmGkIy4cbK7IZlgBE/PYMn55rrXefr5xXDP0LdtfPnblFDoVdcAfslJ7or6iqAUnx0CCGIWQA==
  dependencies:
    "@babel/runtime" "^7.8.7"
    csstype "^3.0.2"

eventemitter3@^4.0.1:
  version "4.0.7"
  resolved "https://registry.npmjs.org/eventemitter3/-/eventemitter3-4.0.7.tgz"
  integrity sha512-8guHBZCwKnFhYdHr2ysuRWErTwhoN2X8XELRlrRwpmfeY2jjuUN4taQMsULKUVo1K4DvZl+0pgfyoysHxvmvEw==

fast-equals@^2.0.0:
  version "2.0.4"
  resolved "https://registry.npmjs.org/fast-equals/-/fast-equals-2.0.4.tgz"
  integrity sha512-caj/ZmjHljPrZtbzJ3kfH5ia/k4mTJe/qSiXAGzxZWRZgsgDV0cvNaQULqUX8t0/JVlzzEdYOwCN5DmzTxoD4w==

fill-range@^7.0.1:
  version "7.0.1"
  resolved "https://registry.npmjs.org/fill-range/-/fill-range-7.0.1.tgz"
  integrity sha512-qOo9F+dMUmC2Lcb4BbVvnKJxTPjCm+RRpe4gDuGrzkL7mEVl/djYSu2OdQ2Pa302N4oqkSg9ir6jaLWJ2USVpQ==
  dependencies:
    to-regex-range "^5.0.1"

fsevents@~2.3.1:
  version "2.3.2"
  resolved "https://registry.npmjs.org/fsevents/-/fsevents-2.3.2.tgz"
  integrity sha512-xiqMQR4xAeHTuB9uWm+fFRcIOgKBMiOBP+eXiyT7jsgVCq1bkVygt00oASowB7EdtpOHaaPgKt812P9ab+DDKA==

glob-parent@~5.1.0:
  version "5.1.2"
  resolved "https://registry.npmjs.org/glob-parent/-/glob-parent-5.1.2.tgz"
  integrity sha512-AOIgSQCepiJYwP3ARnGx+5VnTu2HBYdzbGP45eLw1vr3zB3vZLeyed1sC9hnbcOc9/SrMyM5RPQrkGz4aS9Zow==
  dependencies:
    is-glob "^4.0.1"

highlight-words-core@^1.2.0:
  version "1.2.2"
  resolved "https://registry.npmjs.org/highlight-words-core/-/highlight-words-core-1.2.2.tgz"
  integrity sha512-BXUKIkUuh6cmmxzi5OIbUJxrG8OAk2MqoL1DtO3Wo9D2faJg2ph5ntyuQeLqaHJmzER6H5tllCDA9ZnNe9BVGg==

hoist-non-react-statics@^3.0.0, hoist-non-react-statics@^3.3.0:
  version "3.3.2"
  resolved "https://registry.npmjs.org/hoist-non-react-statics/-/hoist-non-react-statics-3.3.2.tgz"
  integrity sha512-/gGivxi8JPKWNm/W0jSmzcMPpfpPLc3dY/6GxhX2hQ9iGj3aDfklV4ET7NjKpSinLpJ5vafa9iiGIEZg10SfBw==
  dependencies:
    react-is "^16.7.0"

immutable@^4.0.0:
  version "4.1.0"
  resolved "https://registry.npmjs.org/immutable/-/immutable-4.1.0.tgz"
  integrity sha512-oNkuqVTA8jqG1Q6c+UglTOD1xhC1BtjKI7XkCXRkZHrN5m18/XsnUp8Q89GkQO/z+0WjonSvl0FLhDYftp46nQ==

internmap@^1.0.0:
  version "1.0.1"
  resolved "https://registry.npmjs.org/internmap/-/internmap-1.0.1.tgz"
  integrity sha512-lDB5YccMydFBtasVtxnZ3MRBHuaoE8GKsppq+EchKL2U4nK/DmEpPHNH8MZe5HkMtpSiTSOZwfN0tzYjO/lJEw==

invariant@^2.2.4:
  version "2.2.4"
  resolved "https://registry.npmjs.org/invariant/-/invariant-2.2.4.tgz"
  integrity sha512-phJfQVBuaJM5raOpJjSfkiD6BpbCE4Ns//LaXl6wGYtUBY83nWS6Rf9tXm2e8VaK60JEjYldbPif/A2B1C2gNA==
  dependencies:
    loose-envify "^1.0.0"

is-binary-path@~2.1.0:
  version "2.1.0"
  resolved "https://registry.npmjs.org/is-binary-path/-/is-binary-path-2.1.0.tgz"
  integrity sha512-ZMERYes6pDydyuGidse7OsHxtbI7WVeUEozgR/g7rd0xUimYNlvZRE/K2MgZTjWy725IfelLeVcEM97mmtRGXw==
  dependencies:
    binary-extensions "^2.0.0"

is-extglob@^2.1.1:
  version "2.1.1"
  resolved "https://registry.npmjs.org/is-extglob/-/is-extglob-2.1.1.tgz"
  integrity sha512-SbKbANkN603Vi4jEZv49LeVJMn4yGwsbzZworEoyEiutsN3nJYdbO36zfhGJ6QEDpOZIFkDtnq5JRxmvl3jsoQ==

is-glob@^4.0.1, is-glob@~4.0.1:
  version "4.0.3"
  resolved "https://registry.npmjs.org/is-glob/-/is-glob-4.0.3.tgz"
  integrity sha512-xelSayHH36ZgE7ZWhli7pW34hNbNl8Ojv5KVmkJD4hBdD3th8Tfk9vYasLM+mXWOZhFkgZfxhLSnrwRr4elSSg==
  dependencies:
    is-extglob "^2.1.1"

is-number@^7.0.0:
  version "7.0.0"
  resolved "https://registry.npmjs.org/is-number/-/is-number-7.0.0.tgz"
  integrity sha512-41Cifkg6e8TylSpdtTpeLVMqvSBEVzTttHvERD741+pnZ8ANv0004MRL43QKPDlK9cGvNp6NZWZUBlbGXYxxng==

jquery@*, jquery@^3.6.1, jquery@>=1.10:
  version "3.6.1"
  resolved "https://registry.npmjs.org/jquery/-/jquery-3.6.1.tgz"
  integrity sha512-opJeO4nCucVnsjiXOE+/PcCgYw9Gwpvs/a6B1LL/lQhwWwpbVEVYDZ1FokFr8PRc7ghYlrFPuyHuiiDNTQxmcw==

"js-tokens@^3.0.0 || ^4.0.0":
  version "4.0.0"
  resolved "https://registry.npmjs.org/js-tokens/-/js-tokens-4.0.0.tgz"
  integrity sha512-RdJUflcE3cUzKiMqQgsCu06FPu9UdIJO0beYbPhHN4k6apgJtifcoCtT9bcxOpYBtpD2kCM6Sbzg4CausW/PKQ==

lodash@^4.17.19, lodash@^4.17.21:
  version "4.17.21"
  resolved "https://registry.npmjs.org/lodash/-/lodash-4.17.21.tgz"
  integrity sha512-v2kDEe57lecTulaDIuNTPy3Ry4gLGJ6Z1O3vE1krgXZNrsQ+LFTGHVxVjcXPs17LhbZVGedAJv8XZ1tvj5FvSg==

loose-envify@^1.0.0, loose-envify@^1.1.0, loose-envify@^1.4.0:
  version "1.4.0"
  resolved "https://registry.npmjs.org/loose-envify/-/loose-envify-1.4.0.tgz"
  integrity sha512-lyuxPGr/Wfhrlem2CL/UcnUc1zcqKAImBDzukY7Y5F/yQiNdko6+fRLevlw1HgMySw7f611UIY408EtxRSoK3Q==
  dependencies:
    js-tokens "^3.0.0 || ^4.0.0"

memoize-one@^4.0.0:
  version "4.0.3"
  resolved "https://registry.npmjs.org/memoize-one/-/memoize-one-4.0.3.tgz"
  integrity sha512-QmpUu4KqDmX0plH4u+tf0riMc1KHE1+lw95cMrLlXQAFOx/xnBtwhZ52XJxd9X2O6kwKBqX32kmhbhlobD0cuw==

moment@*, moment@^2.29.4, moment@^2.9.0:
  version "2.29.4"
  resolved "https://registry.npmjs.org/moment/-/moment-2.29.4.tgz"
  integrity sha512-5LC9SOxjSc2HF6vO2CyuTDNivEdoz2IvyJJGj6X8DJ0eFyfszE0QiEd+iXmBvUP3WHxSjFH/vIsA0EN00cgr8w==

nanoid@^3.3.4:
  version "3.3.4"
  resolved "https://registry.npmjs.org/nanoid/-/nanoid-3.3.4.tgz"
  integrity sha512-MqBkQh/OHTS2egovRtLk45wEyNXwF+cokD+1YPf9u5VfJiRdAiRwB2froX5Co9Rh20xs4siNPm8naNotSD6RBw==

next@12.3.1:
  version "12.3.1"
  resolved "https://registry.npmjs.org/next/-/next-12.3.1.tgz"
  integrity sha512-l7bvmSeIwX5lp07WtIiP9u2ytZMv7jIeB8iacR28PuUEFG5j0HGAPnMqyG5kbZNBG2H7tRsrQ4HCjuMOPnANZw==
  dependencies:
    "@next/env" "12.3.1"
    "@swc/helpers" "0.4.11"
    caniuse-lite "^1.0.30001406"
    postcss "8.4.14"
    styled-jsx "5.0.7"
    use-sync-external-store "1.2.0"
  optionalDependencies:
    "@next/swc-android-arm-eabi" "12.3.1"
    "@next/swc-android-arm64" "12.3.1"
    "@next/swc-darwin-arm64" "12.3.1"
    "@next/swc-darwin-x64" "12.3.1"
    "@next/swc-freebsd-x64" "12.3.1"
    "@next/swc-linux-arm-gnueabihf" "12.3.1"
    "@next/swc-linux-arm64-gnu" "12.3.1"
    "@next/swc-linux-arm64-musl" "12.3.1"
    "@next/swc-linux-x64-gnu" "12.3.1"
    "@next/swc-linux-x64-musl" "12.3.1"
    "@next/swc-win32-arm64-msvc" "12.3.1"
    "@next/swc-win32-ia32-msvc" "12.3.1"
    "@next/swc-win32-x64-msvc" "12.3.1"

normalize-path@^3.0.0, normalize-path@~3.0.0:
  version "3.0.0"
  resolved "https://registry.npmjs.org/normalize-path/-/normalize-path-3.0.0.tgz"
  integrity sha512-6eZs5Ls3WtCisHWp9S2GUy8dqkpGi4BVSz3GaqiE6ezub0512ESztXUwUB6C6IKbQkY2Pnb/mD4WYojCRwcwLA==

object-assign@^4.1.1:
  version "4.1.1"
  resolved "https://registry.npmjs.org/object-assign/-/object-assign-4.1.1.tgz"
  integrity sha512-rJgTQnkUnH1sFw8yT6VSU3zD3sWmu6sZhIseY8VX+GRu3P6F7Fu+JNDoXfklElbLJSnc3FUQHVe4cU5hj+BcUg==

p-retry@^5.1.1:
  version "5.1.1"
  resolved "https://registry.npmjs.org/p-retry/-/p-retry-5.1.1.tgz"
  integrity sha512-i69WkEU5ZAL8mrmdmVviWwU+DN+IUF8f4sSJThoJ3z5A7Nn5iuO5ROX3Boye0u+uYQLOSfgFl7SuFZCjlAVbQA==
  dependencies:
    "@types/retry" "0.12.1"
    retry "^0.13.1"

picocolors@^1.0.0:
  version "1.0.0"
  resolved "https://registry.npmjs.org/picocolors/-/picocolors-1.0.0.tgz"
  integrity sha512-1fygroTLlHu66zi26VoTDv8yRgm0Fccecssto+MhsZ0D/DGW2sm8E8AjW7NU5VVTRt5GxbeZ5qBuJr+HyLYkjQ==

picomatch@^2.0.4, picomatch@^2.2.1:
  version "2.3.1"
  resolved "https://registry.npmjs.org/picomatch/-/picomatch-2.3.1.tgz"
  integrity sha512-JU3teHTNjmE2VCGFzuY8EXzCDVwEqB2a8fsIvwaStHhAWJEeVd1o1QD80CU6+ZdEXXSLbSsuLwJjkCBWqRQUVA==

postcss-value-parser@^3.3.0:
  version "3.3.1"
  resolved "https://registry.npmjs.org/postcss-value-parser/-/postcss-value-parser-3.3.1.tgz"
  integrity sha512-pISE66AbVkp4fDQ7VHBwRNXzAAKJjw4Vw7nWI/+Q3vuly7SNfgYXvm6i5IgFylHGK5sP/xHAbB7N49OS4gWNyQ==

postcss@8.4.14:
  version "8.4.14"
  resolved "https://registry.npmjs.org/postcss/-/postcss-8.4.14.tgz"
  integrity sha512-E398TUmfAYFPBSdzgeieK2Y1+1cpdxJx8yXbK/m57nRhKSmk1GB2tO4lbLBtlkfPQTDKfe4Xqv1ASWPpayPEig==
  dependencies:
    nanoid "^3.3.4"
    picocolors "^1.0.0"
    source-map-js "^1.0.2"

prop-types-extra@^1.1.0:
  version "1.1.1"
  resolved "https://registry.npmjs.org/prop-types-extra/-/prop-types-extra-1.1.1.tgz"
  integrity sha512-59+AHNnHYCdiC+vMwY52WmvP5dM3QLeoumYuEyceQDi9aEhtwN9zIQ2ZNo25sMyXnbh32h+P1ezDsUpUH3JAew==
  dependencies:
    react-is "^16.3.2"
    warning "^4.0.0"

prop-types@^15.5.8, prop-types@^15.6.0, prop-types@^15.6.2, prop-types@^15.8.1:
  version "15.8.1"
  resolved "https://registry.npmjs.org/prop-types/-/prop-types-15.8.1.tgz"
  integrity sha512-oj87CgZICdulUohogVAR7AjlC0327U4el4L6eAvOqCeudMDVU0NThNaV+b9Df4dXgSP1gXMTnPdhfe/2qDH5cg==
  dependencies:
    loose-envify "^1.4.0"
    object-assign "^4.1.1"
    react-is "^16.13.1"

rc-align@^4.0.0:
  version "4.0.12"
  resolved "https://registry.npmjs.org/rc-align/-/rc-align-4.0.12.tgz"
  integrity sha512-3DuwSJp8iC/dgHzwreOQl52soj40LchlfUHtgACOUtwGuoFIOVh6n/sCpfqCU8kO5+iz6qR0YKvjgB8iPdE3aQ==
  dependencies:
    "@babel/runtime" "^7.10.1"
    classnames "2.x"
    dom-align "^1.7.0"
    lodash "^4.17.21"
    rc-util "^5.3.0"
    resize-observer-polyfill "^1.5.1"

rc-motion@^2.0.0:
  version "2.6.2"
  resolved "https://registry.npmjs.org/rc-motion/-/rc-motion-2.6.2.tgz"
  integrity sha512-4w1FaX3dtV749P8GwfS4fYnFG4Rb9pxvCYPc/b2fw1cmlHJWNNgOFIz7ysiD+eOrzJSvnLJWlNQQncpNMXwwpg==
  dependencies:
    "@babel/runtime" "^7.11.1"
    classnames "^2.2.1"
    rc-util "^5.21.0"

rc-slider@^9.7.5:
  version "9.7.5"
  resolved "https://registry.npmjs.org/rc-slider/-/rc-slider-9.7.5.tgz"
  integrity sha512-LV/MWcXFjco1epPbdw1JlLXlTgmWpB9/Y/P2yinf8Pg3wElHxA9uajN21lJiWtZjf5SCUekfSP6QMJfDo4t1hg==
  dependencies:
    "@babel/runtime" "^7.10.1"
    classnames "^2.2.5"
    rc-tooltip "^5.0.1"
    rc-util "^5.16.1"
    shallowequal "^1.1.0"

rc-tooltip@^5.0.1:
  version "5.2.2"
  resolved "https://registry.npmjs.org/rc-tooltip/-/rc-tooltip-5.2.2.tgz"
  integrity sha512-jtQzU/18S6EI3lhSGoDYhPqNpWajMtS5VV/ld1LwyfrDByQpYmw/LW6U7oFXXLukjfDHQ7Ju705A82PRNFWYhg==
  dependencies:
    "@babel/runtime" "^7.11.2"
    classnames "^2.3.1"
    rc-trigger "^5.0.0"

rc-trigger@^5.0.0:
  version "5.3.1"
  resolved "https://registry.npmjs.org/rc-trigger/-/rc-trigger-5.3.1.tgz"
  integrity sha512-5gaFbDkYSefZ14j2AdzucXzlWgU2ri5uEjkHvsf1ynRhdJbKxNOnw4PBZ9+FVULNGFiDzzlVF8RJnR9P/xrnKQ==
  dependencies:
    "@babel/runtime" "^7.18.3"
    classnames "^2.2.6"
    rc-align "^4.0.0"
    rc-motion "^2.0.0"
    rc-util "^5.19.2"

rc-util@^5.16.1, rc-util@^5.19.2, rc-util@^5.21.0, rc-util@^5.3.0:
  version "5.24.4"
  resolved "https://registry.npmjs.org/rc-util/-/rc-util-5.24.4.tgz"
  integrity sha512-2a4RQnycV9eV7lVZPEJ7QwJRPlZNc06J7CwcwZo4vIHr3PfUqtYgl1EkUV9ETAc6VRRi8XZOMFhYG63whlIC9Q==
  dependencies:
    "@babel/runtime" "^7.18.3"
    react-is "^16.12.0"
    shallowequal "^1.1.0"

react-bootstrap-daterangepicker@^8.0.0:
  version "8.0.0"
  resolved "https://registry.npmjs.org/react-bootstrap-daterangepicker/-/react-bootstrap-daterangepicker-8.0.0.tgz"
  integrity sha512-zwEMHq93/a0f2C2Cc/Q1zxN+jYWF4JsWEwVkJ2xVGp++Oc3Ck/fI2F9kiEqY1n8oKV0WFT4+cTcoagG7sWuXXw==

react-bootstrap@^2.5.0:
  version "2.5.0"
  resolved "https://registry.npmjs.org/react-bootstrap/-/react-bootstrap-2.5.0.tgz"
  integrity sha512-j/aLR+okzbYk61TM3eDOU1NqOqnUdwyVrF+ojoCRUxPdzc2R0xXvqyRsjSoyRoCo7n82Fs/LWjPCin/QJNdwvA==
  dependencies:
    "@babel/runtime" "^7.17.2"
    "@restart/hooks" "^0.4.6"
    "@restart/ui" "^1.3.1"
    "@types/react-transition-group" "^4.4.4"
    classnames "^2.3.1"
    dom-helpers "^5.2.1"
    invariant "^2.2.4"
    prop-types "^15.8.1"
    prop-types-extra "^1.1.0"
    react-transition-group "^4.4.2"
    uncontrollable "^7.2.1"
    warning "^4.0.3"

react-cookie@^4.1.1:
  version "4.1.1"
  resolved "https://registry.npmjs.org/react-cookie/-/react-cookie-4.1.1.tgz"
  integrity sha512-ffn7Y7G4bXiFbnE+dKhHhbP+b8I34mH9jqnm8Llhj89zF4nPxPutxHT1suUqMeCEhLDBI7InYwf1tpaSoK5w8A==
  dependencies:
    "@types/hoist-non-react-statics" "^3.0.1"
    hoist-non-react-statics "^3.0.0"
    universal-cookie "^4.0.0"

react-csv@^2.2.2:
  version "2.2.2"
  resolved "https://registry.npmjs.org/react-csv/-/react-csv-2.2.2.tgz"
  integrity sha512-RG5hOcZKZFigIGE8LxIEV/OgS1vigFQT4EkaHeKgyuCbUAu9Nbd/1RYq++bJcJJ9VOqO/n9TZRADsXNDR4VEpw==

"react-dom@^15.0.0 || ^16.0.0 || ^17.0.0 || ^18.0.0", "react-dom@^16 || ^17 || ^18", "react-dom@^16.0.0 || ^17.0.0", react-dom@^17.0.2, "react-dom@^17.0.2 || ^18.0.0-0", react-dom@>=15.0.0, react-dom@>=16, react-dom@>=16.14.0, react-dom@>=16.6.0, react-dom@>=16.9.0:
  version "17.0.2"
  resolved "https://registry.npmjs.org/react-dom/-/react-dom-17.0.2.tgz"
  integrity sha512-s4h96KtLDUQlsENhMn1ar8t2bEa+q/YAtj8pPPdIjPDGBDIVNsrD9aXNWqspUe6AzKCIG0C1HZZLqLV7qpOBGA==
  dependencies:
    loose-envify "^1.1.0"
    object-assign "^4.1.1"
    scheduler "^0.20.2"

react-highlight-words@^0.17.0:
  version "0.17.0"
  resolved "https://registry.npmjs.org/react-highlight-words/-/react-highlight-words-0.17.0.tgz"
  integrity sha512-uX1Qh5IGjnLuJT0Zok234QDwRC8h4hcVMnB99Cb7aquB1NlPPDiWKm0XpSZOTdSactvnClCk8LOmVlP+75dgHA==
  dependencies:
    highlight-words-core "^1.2.0"
    memoize-one "^4.0.0"
    prop-types "^15.5.8"

react-icons@^4.4.0:
  version "4.4.0"
  resolved "https://registry.npmjs.org/react-icons/-/react-icons-4.4.0.tgz"
  integrity sha512-fSbvHeVYo/B5/L4VhB7sBA1i2tS8MkT0Hb9t2H1AVPkwGfVHLJCqyr2Py9dKMxsyM63Eng1GkdZfbWj+Fmv8Rg==

react-is@^16.10.2, react-is@^16.12.0, react-is@^16.13.1, react-is@^16.3.2, react-is@^16.7.0:
  version "16.13.1"
  resolved "https://registry.npmjs.org/react-is/-/react-is-16.13.1.tgz"
  integrity sha512-24e6ynE2H+OKt4kqsOvNd8kBpV65zoxbA4BVsEOB3ARVWQki/DHzaUoC5KuON/BiccDaCCTZBuOcfZs70kR8bQ==

react-lifecycles-compat@^3.0.4:
  version "3.0.4"
  resolved "https://registry.npmjs.org/react-lifecycles-compat/-/react-lifecycles-compat-3.0.4.tgz"
  integrity sha512-fBASbA6LnOU9dOU2eW7aQ8xmYBSXUIWr+UmF9b1efZBazGNO+rcXT/icdKnYm2pTwcRylVUYwW7H1PHfLekVzA==

react-multi-select-component@^4.3.3:
  version "4.3.3"
  resolved "https://registry.npmjs.org/react-multi-select-component/-/react-multi-select-component-4.3.3.tgz"
  integrity sha512-V8cDJC3M7F27PWv1baV8FpJReHa/SbpJGL80CmXwnlMkDK2KMlQSRDmDzBnmCjcbROIgoztdW+gYBpqo9BIF4g==

react-resize-detector@^6.6.3:
  version "6.7.8"
  resolved "https://registry.npmjs.org/react-resize-detector/-/react-resize-detector-6.7.8.tgz"
  integrity sha512-0FaEcUBAbn+pq3PT5a9hHRebUfuS1SRLGLpIw8LydU7zX429I6XJgKerKAMPsJH0qWAl6o5bVKNqFJqr6tGPYw==
  dependencies:
    "@types/resize-observer-browser" "^0.1.6"
    lodash "^4.17.21"
    resize-observer-polyfill "^1.5.1"

react-smooth@^2.0.0:
  version "2.0.1"
  resolved "https://registry.npmjs.org/react-smooth/-/react-smooth-2.0.1.tgz"
  integrity sha512-Own9TA0GPPf3as4vSwFhDouVfXP15ie/wIHklhyKBH5AN6NFtdk0UpHBnonV11BtqDkAWlt40MOUc+5srmW7NA==
  dependencies:
    fast-equals "^2.0.0"
    react-transition-group "2.9.0"

react-spoiler@^0.4.3:
  version "0.4.3"
  resolved "https://registry.npmjs.org/react-spoiler/-/react-spoiler-0.4.3.tgz"
  integrity sha512-fHj8pUAkQkuLJ6oR0+Rtuqaqbrwe5kzAdNkc+bWhghYONL3mfEBu7/y8d11j4Cx2miCTvTRexFKquru+aP8V6w==

react-transition-group@^4.4.2:
  version "4.4.5"
  resolved "https://registry.npmjs.org/react-transition-group/-/react-transition-group-4.4.5.tgz"
  integrity sha512-pZcd1MCJoiKiBR2NRxeCRg13uCXbydPnmB4EOeRrY7480qNWO8IIgQG6zlDkm6uRMsURXPuKq0GWtiM59a5Q6g==
  dependencies:
    "@babel/runtime" "^7.5.5"
    dom-helpers "^5.0.1"
    loose-envify "^1.4.0"
    prop-types "^15.6.2"

react-transition-group@2.9.0:
  version "2.9.0"
  resolved "https://registry.npmjs.org/react-transition-group/-/react-transition-group-2.9.0.tgz"
  integrity sha512-+HzNTCHpeQyl4MJ/bdE0u6XRMe9+XG/+aL4mCxVN4DnPBQ0/5bfHWPDuOZUzYdMj94daZaZdCCc1Dzt9R/xSSg==
  dependencies:
    dom-helpers "^3.4.0"
    loose-envify "^1.4.0"
    prop-types "^15.6.2"
    react-lifecycles-compat "^3.0.4"

react@*, "react@^0.14.0 || ^15.0.0 || ^16.0.0-0 || ^17.0.0-0", "react@^15.0.0 || ^16.0.0 || ^17.0.0 || ^18.0.0", "react@^16 || ^17 || ^18", "react@^16.0.0 || ^17.0.0", "react@^16.8.0 || ^17.0.0 || ^18.0.0", "react@^16.8.0 || ^17.0.0-rc.1 || ^18.0.0", react@^17.0.2, "react@^17.0.2 || ^18.0.0-0", "react@>= 16.3.0", "react@>= 16.8.0 || 17.x.x || ^18.0.0-0", react@>=0.14.0, react@>=15.0.0, react@>=16, react@>=16.14.0, react@>=16.6.0, react@>=16.8.0, react@>=16.9.0, react@17.0.2:
  version "17.0.2"
  resolved "https://registry.npmjs.org/react/-/react-17.0.2.tgz"
  integrity sha512-gnhPt75i/dq/z3/6q/0asP78D0u592D5L1pd7M8P+dck6Fu/jJeL6iVVK23fptSUZj8Vjf++7wXA8UNclGQcbA==
  dependencies:
    loose-envify "^1.1.0"
    object-assign "^4.1.1"

readdirp@~3.5.0:
  version "3.5.0"
  resolved "https://registry.npmjs.org/readdirp/-/readdirp-3.5.0.tgz"
  integrity sha512-cMhu7c/8rdhkHXWsY+osBhfSy0JikwpHK/5+imo+LpeasTF8ouErHrlYkwT0++njiyuDvc7OFY5T3ukvZ8qmFQ==
  dependencies:
    picomatch "^2.2.1"

recharts-scale@^0.4.4:
  version "0.4.5"
  resolved "https://registry.npmjs.org/recharts-scale/-/recharts-scale-0.4.5.tgz"
  integrity sha512-kivNFO+0OcUNu7jQquLXAxz1FIwZj8nrj+YkOKc5694NbjCvcT6aSZiIzNzd2Kul4o4rTto8QVR9lMNtxD4G1w==
  dependencies:
    decimal.js-light "^2.4.1"

recharts@2.1.9:
  version "2.1.9"
  resolved "https://registry.npmjs.org/recharts/-/recharts-2.1.9.tgz"
  integrity sha512-VozH5uznUvGqD7n224FGj7cmMAenlS0HPCs+7r2HeeHiQK6un6z0CTZfWVAB860xbcr4m+BN/EGMPZmYWd34Rg==
  dependencies:
    "@types/d3-interpolate" "^2.0.0"
    "@types/d3-scale" "^3.0.0"
    "@types/d3-shape" "^2.0.0"
    classnames "^2.2.5"
    d3-interpolate "^2.0.0"
    d3-scale "^3.0.0"
    d3-shape "^2.0.0"
    eventemitter3 "^4.0.1"
    lodash "^4.17.19"
    react-is "^16.10.2"
    react-resize-detector "^6.6.3"
    react-smooth "^2.0.0"
    recharts-scale "^0.4.4"
    reduce-css-calc "^2.1.8"

reduce-css-calc@^2.1.8:
  version "2.1.8"
  resolved "https://registry.npmjs.org/reduce-css-calc/-/reduce-css-calc-2.1.8.tgz"
  integrity sha512-8liAVezDmUcH+tdzoEGrhfbGcP7nOV4NkGE3a74+qqvE7nt9i4sKLGBuZNOnpI4WiGksiNPklZxva80061QiPg==
  dependencies:
    css-unit-converter "^1.1.1"
    postcss-value-parser "^3.3.0"

regenerator-runtime@^0.13.4:
  version "0.13.9"
  resolved "https://registry.npmjs.org/regenerator-runtime/-/regenerator-runtime-0.13.9.tgz"
  integrity sha512-p3VT+cOEgxFsRRA9X4lkI1E+k2/CtnKtU4gcxyaCUreilL/vqI6CdZ3wxVUx3UOUg+gnUOQQcRI7BmSI656MYA==

resize-observer-polyfill@^1.5.1:
  version "1.5.1"
  resolved "https://registry.npmjs.org/resize-observer-polyfill/-/resize-observer-polyfill-1.5.1.tgz"
  integrity sha512-LwZrotdHOo12nQuZlHEmtuXdqGoOD0OhaxopaNFxWzInpEgaLWoVuAMbTzixuosCx2nEG58ngzW3vxdWoxIgdg==

retry@^0.13.1:
  version "0.13.1"
  resolved "https://registry.npmjs.org/retry/-/retry-0.13.1.tgz"
  integrity sha512-XQBQ3I8W1Cge0Seh+6gjj03LbmRFWuoszgK9ooCpwYIrhhoO80pfq4cUkU5DkknwfOfFteRwlZ56PYOGYyFWdg==

sanitize-filename@^1.6.3:
  version "1.6.3"
  resolved "https://registry.npmjs.org/sanitize-filename/-/sanitize-filename-1.6.3.tgz"
  integrity sha512-y/52Mcy7aw3gRm7IrcGDFx/bCk4AhRh2eI9luHOQM86nZsqwiRkkq2GekHXBBD+SmPidc8i2PqtYZl+pWJ8Oeg==
  dependencies:
    truncate-utf8-bytes "^1.0.0"

sass@^1.3.0, sass@^1.55.0:
  version "1.55.0"
  resolved "https://registry.npmjs.org/sass/-/sass-1.55.0.tgz"
  integrity sha512-Pk+PMy7OGLs9WaxZGJMn7S96dvlyVBwwtToX895WmCpAOr5YiJYEUJfiJidMuKb613z2xNWcXCHEuOvjZbqC6A==
  dependencies:
    chokidar ">=3.0.0 <4.0.0"
    immutable "^4.0.0"
    source-map-js ">=0.6.2 <2.0.0"

scheduler@^0.20.2:
  version "0.20.2"
  resolved "https://registry.npmjs.org/scheduler/-/scheduler-0.20.2.tgz"
  integrity sha512-2eWfGgAqqWFGqtdMmcL5zCMK1U8KlXv8SQFGglL3CEtd0aDVDWgeF/YoCmvln55m5zSk3J/20hTaSBeSObsQDQ==
  dependencies:
    loose-envify "^1.1.0"
    object-assign "^4.1.1"

shallowequal@^1.1.0:
  version "1.1.0"
  resolved "https://registry.npmjs.org/shallowequal/-/shallowequal-1.1.0.tgz"
  integrity sha512-y0m1JoUZSlPAjXVtPPW70aZWfIL/dSP7AFkRnniLCrK/8MDKog3TySTBmckD+RObVxH0v4Tox67+F14PdED2oQ==

source-map-js@^1.0.2, "source-map-js@>=0.6.2 <2.0.0":
  version "1.0.2"
  resolved "https://registry.npmjs.org/source-map-js/-/source-map-js-1.0.2.tgz"
  integrity sha512-R0XvVJ9WusLiqTCEiGCmICCMplcCkIwwR11mOSD9CR5u+IXYdiseeEuXCVAjS54zqwkLcPNnmU4OeJ6tUrWhDw==

string-hash@~1.1.3:
  version "1.1.3"
  resolved "https://registry.npmjs.org/string-hash/-/string-hash-1.1.3.tgz"
  integrity sha512-kJUvRUFK49aub+a7T1nNE66EJbZBMnBgoC1UbCZ5n6bsZKBRga4KgBRTMn/pFkeCZSYtNeSyMxPDM0AXWELk2A==

styled-jsx@5.0.7:
  version "5.0.7"
  resolved "https://registry.npmjs.org/styled-jsx/-/styled-jsx-5.0.7.tgz"
  integrity sha512-b3sUzamS086YLRuvnaDigdAewz1/EFYlHpYBP5mZovKEdQQOIIYq8lApylub3HHZ6xFjV051kkGU7cudJmrXEA==

to-regex-range@^5.0.1:
  version "5.0.1"
  resolved "https://registry.npmjs.org/to-regex-range/-/to-regex-range-5.0.1.tgz"
  integrity sha512-65P7iz6X5yEr1cwcgvQxbbIw7Uk3gOy5dIdtZ4rDveLqhrdJP+Li/Hx6tyK0NEb+2GCyneCMJiGqrADCSNk8sQ==
  dependencies:
    is-number "^7.0.0"

truncate-utf8-bytes@^1.0.0:
  version "1.0.2"
  resolved "https://registry.npmjs.org/truncate-utf8-bytes/-/truncate-utf8-bytes-1.0.2.tgz"
  integrity sha512-95Pu1QXQvruGEhv62XCMO3Mm90GscOCClvrIUwCM0PYOXK3kaF3l3sIHxx71ThJfcbM2O5Au6SO3AWCSEfW4mQ==
  dependencies:
    utf8-byte-length "^1.0.1"

tslib@^2.4.0:
  version "2.4.0"
  resolved "https://registry.npmjs.org/tslib/-/tslib-2.4.0.tgz"
  integrity sha512-d6xOpEDfsi2CZVlPQzGeux8XMwLT9hssAsaPYExaQMuYskwb+x1x7J371tWlbBdWHroy99KnVB6qIkUbs5X3UQ==

typescript@^4.8.4:
  version "4.8.4"
  resolved "https://registry.npmjs.org/typescript/-/typescript-4.8.4.tgz"
  integrity sha512-QCh+85mCy+h0IGff8r5XWzOVSbBO+KfeYrMQh7NJ58QujwcE22u+NUSmUxqF+un70P9GXKxa2HCNiTTMJknyjQ==

uncontrollable@^7.2.1:
  version "7.2.1"
  resolved "https://registry.npmjs.org/uncontrollable/-/uncontrollable-7.2.1.tgz"
  integrity sha512-svtcfoTADIB0nT9nltgjujTi7BzVmwjZClOmskKu/E8FW9BXzg9os8OLr4f8Dlnk0rYWJIWr4wv9eKUXiQvQwQ==
  dependencies:
    "@babel/runtime" "^7.6.3"
    "@types/react" ">=16.9.11"
    invariant "^2.2.4"
    react-lifecycles-compat "^3.0.4"

universal-cookie@^4.0.0:
  version "4.0.4"
  resolved "https://registry.npmjs.org/universal-cookie/-/universal-cookie-4.0.4.tgz"
  integrity sha512-lbRVHoOMtItjWbM7TwDLdl8wug7izB0tq3/YVKhT/ahB4VDvWMyvnADfnJI8y6fSvsjh51Ix7lTGC6Tn4rMPhw==
  dependencies:
    "@types/cookie" "^0.3.3"
    cookie "^0.4.0"

use-sync-external-store@1.2.0:
  version "1.2.0"
  resolved "https://registry.npmjs.org/use-sync-external-store/-/use-sync-external-store-1.2.0.tgz"
  integrity sha512-eEgnFxGQ1Ife9bzYs6VLi8/4X6CObHMw9Qr9tPY43iKwsPw8xE8+EFsf/2cFZ5S3esXgpWgtSCtLNS41F+sKPA==

utf8-byte-length@^1.0.1:
  version "1.0.4"
  resolved "https://registry.npmjs.org/utf8-byte-length/-/utf8-byte-length-1.0.4.tgz"
  integrity sha512-4+wkEYLBbWxqTahEsWrhxepcoVOJ+1z5PGIjPZxRkytcdSUaNjIjBM7Xn8E+pdSuV7SzvWovBFA54FO0JSoqhA==

warning@^4.0.0, warning@^4.0.3:
  version "4.0.3"
  resolved "https://registry.npmjs.org/warning/-/warning-4.0.3.tgz"
  integrity sha512-rpJyN222KWIvHJ/F53XSZv0Zl/accqHR8et1kpaMTD/fLCRxtV8iX8czMzY7sVZupTI3zcUTg8eycS2kNF9l6w==
  dependencies:
    loose-envify "^1.0.0"
